
Microsoft Visual Studio Solution File, Format Version 12.00
# Visual Studio Version 17
VisualStudioVersion = 17.4.33213.308
MinimumVisualStudioVersion = 10.0.40219.1
Project("{FAE04EC0-301F-11D3-BF4B-00C04F79EFBC}") = "API_Note", "API_Note\API_Note.csproj", "{2A0511D4-90C3-42F1-B76E-6CA26E5E4CFE}"
EndProject
Global
	GlobalSection(SolutionConfigurationPlatforms) = preSolution
		Debug|Any CPU = Debug|Any CPU
		Release|Any CPU = Release|Any CPU
	EndGlobalSection
	GlobalSection(ProjectConfigurationPlatforms) = postSolution
		{2A0511D4-90C3-42F1-B76E-6CA26E5E4CFE}.Debug|Any CPU.ActiveCfg = Debug|Any CPU
		{2A0511D4-90C3-42F1-B76E-6CA26E5E4CFE}.Debug|Any CPU.Build.0 = Debug|Any CPU
		{2A0511D4-90C3-42F1-B76E-6CA26E5E4CFE}.Release|Any CPU.ActiveCfg = Release|Any CPU
		{2A0511D4-90C3-42F1-B76E-6CA26E5E4CFE}.Release|Any CPU.Build.0 = Release|Any CPU
	EndGlobalSection
	GlobalSection(SolutionProperties) = preSolution
		HideSolutionNode = FALSE
	EndGlobalSection
	GlobalSection(ExtensibilityGlobals) = postSolution
		SolutionGuid = {A65A03D9-7246-4D1B-BC48-6A19361D1B3F}
	EndGlobalSection
EndGlobal
